
Microsoft Visual Studio Solution File, Format Version 12.00
# Visual Studio Version 16
VisualStudioVersion = 16.0.30717.126
MinimumVisualStudioVersion = 10.0.40219.1
Project("{9A19103F-16F7-4668-BE54-9A1E7A4F7556}") = "OnlineShop.Web", "OnlineShop.Web\OnlineShop.Web.csproj", "{D1965409-D712-4B53-A399-7820CA688384}"
EndProject
Project("{2150E333-8FDC-42A3-9474-1A3956D46DE8}") = "Test", "Test", "{39E8F25F-78D4-4CB0-B5FD-325CF6789EE3}"
EndProject
Project("{9A19103F-16F7-4668-BE54-9A1E7A4F7556}") = "OnlineShop.Test", "OnlineShop.Test\OnlineShop.Test.csproj", "{F374CB1A-4132-419E-AE46-987C0B24740B}"
EndProject
Project("{2150E333-8FDC-42A3-9474-1A3956D46DE8}") = "src", "src", "{DBB30840-DCA0-42A1-A5B5-9B83A99C7F46}"
EndProject
Global
	GlobalSection(SolutionConfigurationPlatforms) = preSolution
		Debug|Any CPU = Debug|Any CPU
		Release|Any CPU = Release|Any CPU
	EndGlobalSection
	GlobalSection(ProjectConfigurationPlatforms) = postSolution
		{D1965409-D712-4B53-A399-7820CA688384}.Debug|Any CPU.ActiveCfg = Debug|Any CPU
		{D1965409-D712-4B53-A399-7820CA688384}.Debug|Any CPU.Build.0 = Debug|Any CPU
		{D1965409-D712-4B53-A399-7820CA688384}.Release|Any CPU.ActiveCfg = Release|Any CPU
		{D1965409-D712-4B53-A399-7820CA688384}.Release|Any CPU.Build.0 = Release|Any CPU
		{F374CB1A-4132-419E-AE46-987C0B24740B}.Debug|Any CPU.ActiveCfg = Debug|Any CPU
		{F374CB1A-4132-419E-AE46-987C0B24740B}.Debug|Any CPU.Build.0 = Debug|Any CPU
		{F374CB1A-4132-419E-AE46-987C0B24740B}.Release|Any CPU.ActiveCfg = Release|Any CPU
		{F374CB1A-4132-419E-AE46-987C0B24740B}.Release|Any CPU.Build.0 = Release|Any CPU
	EndGlobalSection
	GlobalSection(SolutionProperties) = preSolution
		HideSolutionNode = FALSE
	EndGlobalSection
	GlobalSection(NestedProjects) = preSolution
		{D1965409-D712-4B53-A399-7820CA688384} = {DBB30840-DCA0-42A1-A5B5-9B83A99C7F46}
		{F374CB1A-4132-419E-AE46-987C0B24740B} = {39E8F25F-78D4-4CB0-B5FD-325CF6789EE3}
	EndGlobalSection
	GlobalSection(ExtensibilityGlobals) = postSolution
		SolutionGuid = {31E18C62-6782-4599-95A1-81833A1AB354}
	EndGlobalSection
EndGlobal
